{"1.2.0",
[{<<"cowboy">>,{pkg,<<"cowboy">>,<<"2.7.0">>},0},
 {<<"cowlib">>,{pkg,<<"cowlib">>,<<"2.8.0">>},1},
 {<<"goldrush">>,{pkg,<<"goldrush">>,<<"0.1.9">>},1},
 {<<"jsone">>,{pkg,<<"jsone">>,<<"1.5.2">>},0},
 {<<"lager">>,{pkg,<<"lager">>,<<"3.8.0">>},0},
 {<<"mysql">>,{pkg,<<"mysql">>,<<"1.6.0">>},0},
 {<<"poolboy">>,{pkg,<<"poolboy">>,<<"1.5.2">>},0},
 {<<"quickrand">>,{pkg,<<"quickrand">>,<<"1.8.0">>},1},
 {<<"ranch">>,{pkg,<<"ranch">>,<<"1.7.1">>},1},
 {<<"uuid_erl">>,{pkg,<<"uuid_erl">>,<<"1.8.0">>},0}]}.
[
{pkg_hash,[
 {<<"cowboy">>, <<"91ED100138A764355F43316B1D23D7FF6BDB0DE4EA618CB5D8677C93A7A2F115">>},
 {<<"cowlib">>, <<"FD0FF1787DB84AC415B8211573E9A30A3EBE71B5CBFF7F720089972B2319C8A4">>},
 {<<"goldrush">>, <<"F06E5D5F1277DA5C413E84D5A2924174182FB108DABB39D5EC548B27424CD106">>},
 {<<"jsone">>, <<"87ADEA283C9CF24767B4DEED44602989A5331156DF5D60A2660E9C9114D54046">>},
 {<<"lager">>, <<"3402B9A7E473680CA179FC2F1D827CAB88DD37DD1E6113090C6F45EF05228A1C">>},
 {<<"mysql">>, <<"F7858A8BAB3DEB21684161F3A557DFC9698B1E212DCFCD182F89F93AEA740431">>},
 {<<"poolboy">>, <<"392B007A1693A64540CEAD79830443ABF5762F5D30CF50BC95CB2C1AAAFA006B">>},
 {<<"quickrand">>, <<"E47CE597FF067385FF5836C8C7706AC7F8AA7B47DD90C6417E05B64696F872FA">>},
 {<<"ranch">>, <<"6B1FAB51B49196860B733A49C07604465A47BDB78AA10C1C16A3D199F7F8C881">>},
 {<<"uuid_erl">>, <<"280014F8FF57FCE36EE6E91C3ECF21CBFCE78AAE9854C09597BB4C11E27B66D6">>}]},
{pkg_hash_ext,[
 {<<"cowboy">>, <<"04FD8C6A39EDC6AAA9C26123009200FC61F92A3A94F3178C527B70B767C6E605">>},
 {<<"cowlib">>, <<"79F954A7021B302186A950A32869DBC185523D99D3E44CE430CD1F3289F41ED4">>},
 {<<"goldrush">>, <<"99CB4128CFFCB3227581E5D4D803D5413FA643F4EB96523F77D9E6937D994CEB">>},
 {<<"jsone">>, <<"170C171CE7F6DD70C858065154A3305B8564833C6DCCA17E10B676CA31EA976F">>},
 {<<"lager">>, <<"F6CB541B688EAB60730D8D286EB77256A5A9AD06EAC10D43BEAF55D07E68BBB6">>},
 {<<"mysql">>, <<"0B7B72927F99EB89E5AC2DAA5DB05DAAC6FDE99FDEA33B02406913A617F4A1A7">>},
 {<<"poolboy">>, <<"DAD79704CE5440F3D5A3681C8590B9DC25D1A561E8F5A9C995281012860901E3">>},
 {<<"quickrand">>, <<"7FFADCF851FB4D1F7BC2952E955623BE63F9C4A6B965FD207CC558D5AEDBB6F9">>},
 {<<"ranch">>, <<"451D8527787DF716D99DC36162FCA05934915DB0B6141BBDAC2EA8D3C7AFC7D7">>},
 {<<"uuid_erl">>, <<"08A59B19A93F0F319B7609516DCE33D2366FA24429EF097D107B7D6998D7E9CC">>}]}
].
